
Microsoft Visual Studio Solution File, Format Version 12.00
# Visual Studio 15
VisualStudioVersion = 15.0.27130.2027
MinimumVisualStudioVersion = 10.0.40219.1
Project("{FAE04EC0-301F-11D3-BF4B-00C04F79EFBC}") = "IW5Gallery.DAL", "ProjectV1\IW5Gallery.DAL.csproj", "{5B30E70A-C0C7-4104-A0D0-D6501EDD17C9}"
EndProject
Project("{FAE04EC0-301F-11D3-BF4B-00C04F79EFBC}") = "IW5Gallery.BL", "IW5Gallery.BL\IW5Gallery.BL.csproj", "{4B4B8AA4-2019-422F-B9AB-A29173038453}"
EndProject
Project("{FAE04EC0-301F-11D3-BF4B-00C04F79EFBC}") = "Gallery.Tests", "Gallery.Tests\Gallery.Tests.csproj", "{5BA6FBB8-25F7-4AAB-87DA-13525C1A7F73}"
EndProject
Project("{FAE04EC0-301F-11D3-BF4B-00C04F79EFBC}") = "IW5Gallery.App", "IW5Gallery.App\IW5Gallery.App.csproj", "{C62494E7-72CB-4B58-892F-A53A23F15293}"
EndProject
Global
	GlobalSection(SolutionConfigurationPlatforms) = preSolution
		Debug|Any CPU = Debug|Any CPU
		Debug|ARM = Debug|ARM
		Debug|x64 = Debug|x64
		Debug|x86 = Debug|x86
		Release|Any CPU = Release|Any CPU
		Release|ARM = Release|ARM
		Release|x64 = Release|x64
		Release|x86 = Release|x86
	EndGlobalSection
	GlobalSection(ProjectConfigurationPlatforms) = postSolution
		{5B30E70A-C0C7-4104-A0D0-D6501EDD17C9}.Debug|Any CPU.ActiveCfg = Debug|Any CPU
		{5B30E70A-C0C7-4104-A0D0-D6501EDD17C9}.Debug|Any CPU.Build.0 = Debug|Any CPU
		{5B30E70A-C0C7-4104-A0D0-D6501EDD17C9}.Debug|ARM.ActiveCfg = Debug|Any CPU
		{5B30E70A-C0C7-4104-A0D0-D6501EDD17C9}.Debug|ARM.Build.0 = Debug|Any CPU
		{5B30E70A-C0C7-4104-A0D0-D6501EDD17C9}.Debug|x64.ActiveCfg = Debug|Any CPU
		{5B30E70A-C0C7-4104-A0D0-D6501EDD17C9}.Debug|x64.Build.0 = Debug|Any CPU
		{5B30E70A-C0C7-4104-A0D0-D6501EDD17C9}.Debug|x86.ActiveCfg = Debug|Any CPU
		{5B30E70A-C0C7-4104-A0D0-D6501EDD17C9}.Debug|x86.Build.0 = Debug|Any CPU
		{5B30E70A-C0C7-4104-A0D0-D6501EDD17C9}.Release|Any CPU.ActiveCfg = Release|Any CPU
		{5B30E70A-C0C7-4104-A0D0-D6501EDD17C9}.Release|Any CPU.Build.0 = Release|Any CPU
		{5B30E70A-C0C7-4104-A0D0-D6501EDD17C9}.Release|ARM.ActiveCfg = Release|Any CPU
		{5B30E70A-C0C7-4104-A0D0-D6501EDD17C9}.Release|ARM.Build.0 = Release|Any CPU
		{5B30E70A-C0C7-4104-A0D0-D6501EDD17C9}.Release|x64.ActiveCfg = Release|Any CPU
		{5B30E70A-C0C7-4104-A0D0-D6501EDD17C9}.Release|x64.Build.0 = Release|Any CPU
		{5B30E70A-C0C7-4104-A0D0-D6501EDD17C9}.Release|x86.ActiveCfg = Release|Any CPU
		{5B30E70A-C0C7-4104-A0D0-D6501EDD17C9}.Release|x86.Build.0 = Release|Any CPU
		{4B4B8AA4-2019-422F-B9AB-A29173038453}.Debug|Any CPU.ActiveCfg = Debug|Any CPU
		{4B4B8AA4-2019-422F-B9AB-A29173038453}.Debug|Any CPU.Build.0 = Debug|Any CPU
		{4B4B8AA4-2019-422F-B9AB-A29173038453}.Debug|ARM.ActiveCfg = Debug|Any CPU
		{4B4B8AA4-2019-422F-B9AB-A29173038453}.Debug|ARM.Build.0 = Debug|Any CPU
		{4B4B8AA4-2019-422F-B9AB-A29173038453}.Debug|x64.ActiveCfg = Debug|Any CPU
		{4B4B8AA4-2019-422F-B9AB-A29173038453}.Debug|x64.Build.0 = Debug|Any CPU
		{4B4B8AA4-2019-422F-B9AB-A29173038453}.Debug|x86.ActiveCfg = Debug|Any CPU
		{4B4B8AA4-2019-422F-B9AB-A29173038453}.Debug|x86.Build.0 = Debug|Any CPU
		{4B4B8AA4-2019-422F-B9AB-A29173038453}.Release|Any CPU.ActiveCfg = Release|Any CPU
		{4B4B8AA4-2019-422F-B9AB-A29173038453}.Release|Any CPU.Build.0 = Release|Any CPU
		{4B4B8AA4-2019-422F-B9AB-A29173038453}.Release|ARM.ActiveCfg = Release|Any CPU
		{4B4B8AA4-2019-422F-B9AB-A29173038453}.Release|ARM.Build.0 = Release|Any CPU
		{4B4B8AA4-2019-422F-B9AB-A29173038453}.Release|x64.ActiveCfg = Release|Any CPU
		{4B4B8AA4-2019-422F-B9AB-A29173038453}.Release|x64.Build.0 = Release|Any CPU
		{4B4B8AA4-2019-422F-B9AB-A29173038453}.Release|x86.ActiveCfg = Release|Any CPU
		{4B4B8AA4-2019-422F-B9AB-A29173038453}.Release|x86.Build.0 = Release|Any CPU
		{5BA6FBB8-25F7-4AAB-87DA-13525C1A7F73}.Debug|Any CPU.ActiveCfg = Debug|Any CPU
		{5BA6FBB8-25F7-4AAB-87DA-13525C1A7F73}.Debug|Any CPU.Build.0 = Debug|Any CPU
		{5BA6FBB8-25F7-4AAB-87DA-13525C1A7F73}.Debug|ARM.ActiveCfg = Debug|Any CPU
		{5BA6FBB8-25F7-4AAB-87DA-13525C1A7F73}.Debug|ARM.Build.0 = Debug|Any CPU
		{5BA6FBB8-25F7-4AAB-87DA-13525C1A7F73}.Debug|x64.ActiveCfg = Debug|Any CPU
		{5BA6FBB8-25F7-4AAB-87DA-13525C1A7F73}.Debug|x64.Build.0 = Debug|Any CPU
		{5BA6FBB8-25F7-4AAB-87DA-13525C1A7F73}.Debug|x86.ActiveCfg = Debug|Any CPU
		{5BA6FBB8-25F7-4AAB-87DA-13525C1A7F73}.Debug|x86.Build.0 = Debug|Any CPU
		{5BA6FBB8-25F7-4AAB-87DA-13525C1A7F73}.Release|Any CPU.ActiveCfg = Release|Any CPU
		{5BA6FBB8-25F7-4AAB-87DA-13525C1A7F73}.Release|Any CPU.Build.0 = Release|Any CPU
		{5BA6FBB8-25F7-4AAB-87DA-13525C1A7F73}.Release|ARM.ActiveCfg = Release|Any CPU
		{5BA6FBB8-25F7-4AAB-87DA-13525C1A7F73}.Release|ARM.Build.0 = Release|Any CPU
		{5BA6FBB8-25F7-4AAB-87DA-13525C1A7F73}.Release|x64.ActiveCfg = Release|Any CPU
		{5BA6FBB8-25F7-4AAB-87DA-13525C1A7F73}.Release|x64.Build.0 = Release|Any CPU
		{5BA6FBB8-25F7-4AAB-87DA-13525C1A7F73}.Release|x86.ActiveCfg = Release|Any CPU
		{5BA6FBB8-25F7-4AAB-87DA-13525C1A7F73}.Release|x86.Build.0 = Release|Any CPU
		{C62494E7-72CB-4B58-892F-A53A23F15293}.Debug|Any CPU.ActiveCfg = Debug|Any CPU
		{C62494E7-72CB-4B58-892F-A53A23F15293}.Debug|Any CPU.Build.0 = Debug|Any CPU
		{C62494E7-72CB-4B58-892F-A53A23F15293}.Debug|ARM.ActiveCfg = Debug|Any CPU
		{C62494E7-72CB-4B58-892F-A53A23F15293}.Debug|ARM.Build.0 = Debug|Any CPU
		{C62494E7-72CB-4B58-892F-A53A23F15293}.Debug|x64.ActiveCfg = Debug|Any CPU
		{C62494E7-72CB-4B58-892F-A53A23F15293}.Debug|x64.Build.0 = Debug|Any CPU
		{C62494E7-72CB-4B58-892F-A53A23F15293}.Debug|x86.ActiveCfg = Debug|Any CPU
		{C62494E7-72CB-4B58-892F-A53A23F15293}.Debug|x86.Build.0 = Debug|Any CPU
		{C62494E7-72CB-4B58-892F-A53A23F15293}.Release|Any CPU.ActiveCfg = Release|Any CPU
		{C62494E7-72CB-4B58-892F-A53A23F15293}.Release|Any CPU.Build.0 = Release|Any CPU
		{C62494E7-72CB-4B58-892F-A53A23F15293}.Release|ARM.ActiveCfg = Release|Any CPU
		{C62494E7-72CB-4B58-892F-A53A23F15293}.Release|ARM.Build.0 = Release|Any CPU
		{C62494E7-72CB-4B58-892F-A53A23F15293}.Release|x64.ActiveCfg = Release|Any CPU
		{C62494E7-72CB-4B58-892F-A53A23F15293}.Release|x64.Build.0 = Release|Any CPU
		{C62494E7-72CB-4B58-892F-A53A23F15293}.Release|x86.ActiveCfg = Release|Any CPU
		{C62494E7-72CB-4B58-892F-A53A23F15293}.Release|x86.Build.0 = Release|Any CPU
	EndGlobalSection
	GlobalSection(SolutionProperties) = preSolution
		HideSolutionNode = FALSE
	EndGlobalSection
	GlobalSection(ExtensibilityGlobals) = postSolution
		SolutionGuid = {A7683F60-4180-4465-B2C8-A57E42882FD8}
	EndGlobalSection
EndGlobal
